
Microsoft Visual Studio Solution File, Format Version 12.00
# Visual Studio Version 16
VisualStudioVersion = 16.0.30330.147
MinimumVisualStudioVersion = 10.0.40219.1
Project("{FAE04EC0-301F-11D3-BF4B-00C04F79EFBC}") = "UserDangKy", "UserDangKy\UserDangKy.csproj", "{DF66260D-592E-42AB-974A-F943FC13B536}"
EndProject
Global
	GlobalSection(SolutionConfigurationPlatforms) = preSolution
		Debug|Any CPU = Debug|Any CPU
		Release|Any CPU = Release|Any CPU
	EndGlobalSection
	GlobalSection(ProjectConfigurationPlatforms) = postSolution
		{DF66260D-592E-42AB-974A-F943FC13B536}.Debug|Any CPU.ActiveCfg = Debug|Any CPU
		{DF66260D-592E-42AB-974A-F943FC13B536}.Debug|Any CPU.Build.0 = Debug|Any CPU
		{DF66260D-592E-42AB-974A-F943FC13B536}.Release|Any CPU.ActiveCfg = Release|Any CPU
		{DF66260D-592E-42AB-974A-F943FC13B536}.Release|Any CPU.Build.0 = Release|Any CPU
	EndGlobalSection
	GlobalSection(SolutionProperties) = preSolution
		HideSolutionNode = FALSE
	EndGlobalSection
	GlobalSection(ExtensibilityGlobals) = postSolution
		SolutionGuid = {F4694308-8F19-409D-9B4B-109CE8A207EF}
	EndGlobalSection
EndGlobal
