
Microsoft Visual Studio Solution File, Format Version 12.00
# Visual Studio Version 16
VisualStudioVersion = 16.0.30225.117
MinimumVisualStudioVersion = 10.0.40219.1
Project("{FAE04EC0-301F-11D3-BF4B-00C04F79EFBC}") = "WBEDemo", "WBEDemo\WBEDemo.csproj", "{FAFF9477-D89B-4515-A750-86F2012627D4}"
EndProject
Global
	GlobalSection(SolutionConfigurationPlatforms) = preSolution
		Debug|Any CPU = Debug|Any CPU
		Release|Any CPU = Release|Any CPU
	EndGlobalSection
	GlobalSection(ProjectConfigurationPlatforms) = postSolution
		{FAFF9477-D89B-4515-A750-86F2012627D4}.Debug|Any CPU.ActiveCfg = Debug|Any CPU
		{FAFF9477-D89B-4515-A750-86F2012627D4}.Debug|Any CPU.Build.0 = Debug|Any CPU
		{FAFF9477-D89B-4515-A750-86F2012627D4}.Release|Any CPU.ActiveCfg = Release|Any CPU
		{FAFF9477-D89B-4515-A750-86F2012627D4}.Release|Any CPU.Build.0 = Release|Any CPU
	EndGlobalSection
	GlobalSection(SolutionProperties) = preSolution
		HideSolutionNode = FALSE
	EndGlobalSection
	GlobalSection(ExtensibilityGlobals) = postSolution
		SolutionGuid = {1F8D070C-A051-4826-9B37-21752D3FDE68}
	EndGlobalSection
EndGlobal
